// !$*UTF8*$!
{
	archiveVersion = 1;
	classes = {
	};
	objectVersion = 50;
	objects = {

/* Begin PBXBuildFile section */
		67C5FA6725B1D0670014AFE3 /* MyGroupsViewCell.swift in Sources */ = {isa = PBXBuildFile; fileRef = 67C5FA6625B1D0670014AFE3 /* MyGroupsViewCell.swift */; };
		67C5FA6C25B1D8780014AFE3 /* FoundGroupsViewCell.swift in Sources */ = {isa = PBXBuildFile; fileRef = 67C5FA6B25B1D8780014AFE3 /* FoundGroupsViewCell.swift */; };
		67C5FA6F25B1D88A0014AFE3 /* FoundGroupsViewController.swift in Sources */ = {isa = PBXBuildFile; fileRef = 67C5FA6E25B1D88A0014AFE3 /* FoundGroupsViewController.swift */; };
		67C5FA7325B1EEDF0014AFE3 /* FriendPhotosViewController.swift in Sources */ = {isa = PBXBuildFile; fileRef = 67C5FA7225B1EEDF0014AFE3 /* FriendPhotosViewController.swift */; };
		67C5FA7625B1EF130014AFE3 /* FriendPhotoViewCell.swift in Sources */ = {isa = PBXBuildFile; fileRef = 67C5FA7525B1EF130014AFE3 /* FriendPhotoViewCell.swift */; };
		67EB0FF825AE277200190DF2 /* FriendsListViewController.swift in Sources */ = {isa = PBXBuildFile; fileRef = 67EB0FF725AE277200190DF2 /* FriendsListViewController.swift */; };
		67EB0FFE25AE281200190DF2 /* MyGroupsViewController.swift in Sources */ = {isa = PBXBuildFile; fileRef = 67EB0FFD25AE281200190DF2 /* MyGroupsViewController.swift */; };
		67EB100425AE2C6F00190DF2 /* FriendsListViewCell.swift in Sources */ = {isa = PBXBuildFile; fileRef = 67EB100325AE2C6E00190DF2 /* FriendsListViewCell.swift */; };
		67F4107C25AC7587001CD5A9 /* AppDelegate.swift in Sources */ = {isa = PBXBuildFile; fileRef = 67F4107B25AC7587001CD5A9 /* AppDelegate.swift */; };
		67F4107E25AC7587001CD5A9 /* SceneDelegate.swift in Sources */ = {isa = PBXBuildFile; fileRef = 67F4107D25AC7587001CD5A9 /* SceneDelegate.swift */; };
		67F4108025AC7587001CD5A9 /* LoginViewController.swift in Sources */ = {isa = PBXBuildFile; fileRef = 67F4107F25AC7587001CD5A9 /* LoginViewController.swift */; };
		67F4108325AC7587001CD5A9 /* Main.storyboard in Resources */ = {isa = PBXBuildFile; fileRef = 67F4108125AC7587001CD5A9 /* Main.storyboard */; };
		67F4108525AC758C001CD5A9 /* Assets.xcassets in Resources */ = {isa = PBXBuildFile; fileRef = 67F4108425AC758C001CD5A9 /* Assets.xcassets */; };
		67F4108825AC758C001CD5A9 /* LaunchScreen.storyboard in Resources */ = {isa = PBXBuildFile; fileRef = 67F4108625AC758C001CD5A9 /* LaunchScreen.storyboard */; };
/* End PBXBuildFile section */

/* Begin PBXFileReference section */
		67C5FA6625B1D0670014AFE3 /* MyGroupsViewCell.swift */ = {isa = PBXFileReference; lastKnownFileType = sourcecode.swift; path = MyGroupsViewCell.swift; sourceTree = "<group>"; };
		67C5FA6B25B1D8780014AFE3 /* FoundGroupsViewCell.swift */ = {isa = PBXFileReference; lastKnownFileType = sourcecode.swift; path = FoundGroupsViewCell.swift; sourceTree = "<group>"; };
		67C5FA6E25B1D88A0014AFE3 /* FoundGroupsViewController.swift */ = {isa = PBXFileReference; lastKnownFileType = sourcecode.swift; path = FoundGroupsViewController.swift; sourceTree = "<group>"; };
		67C5FA7225B1EEDF0014AFE3 /* FriendPhotosViewController.swift */ = {isa = PBXFileReference; lastKnownFileType = sourcecode.swift; path = FriendPhotosViewController.swift; sourceTree = "<group>"; };
		67C5FA7525B1EF130014AFE3 /* FriendPhotoViewCell.swift */ = {isa = PBXFileReference; lastKnownFileType = sourcecode.swift; path = FriendPhotoViewCell.swift; sourceTree = "<group>"; };
		67EB0FF725AE277200190DF2 /* FriendsListViewController.swift */ = {isa = PBXFileReference; lastKnownFileType = sourcecode.swift; path = FriendsListViewController.swift; sourceTree = "<group>"; };
		67EB0FFD25AE281200190DF2 /* MyGroupsViewController.swift */ = {isa = PBXFileReference; lastKnownFileType = sourcecode.swift; path = MyGroupsViewController.swift; sourceTree = "<group>"; };
		67EB100325AE2C6E00190DF2 /* FriendsListViewCell.swift */ = {isa = PBXFileReference; lastKnownFileType = sourcecode.swift; path = FriendsListViewCell.swift; sourceTree = "<group>"; };
		67F4107825AC7587001CD5A9 /* social network client - test_app.app */ = {isa = PBXFileReference; explicitFileType = wrapper.application; includeInIndex = 0; path = "social network client - test_app.app"; sourceTree = BUILT_PRODUCTS_DIR; };
		67F4107B25AC7587001CD5A9 /* AppDelegate.swift */ = {isa = PBXFileReference; lastKnownFileType = sourcecode.swift; path = AppDelegate.swift; sourceTree = "<group>"; };
		67F4107D25AC7587001CD5A9 /* SceneDelegate.swift */ = {isa = PBXFileReference; lastKnownFileType = sourcecode.swift; path = SceneDelegate.swift; sourceTree = "<group>"; };
		67F4107F25AC7587001CD5A9 /* LoginViewController.swift */ = {isa = PBXFileReference; lastKnownFileType = sourcecode.swift; path = LoginViewController.swift; sourceTree = "<group>"; };
		67F4108225AC7587001CD5A9 /* Base */ = {isa = PBXFileReference; lastKnownFileType = file.storyboard; name = Base; path = Base.lproj/Main.storyboard; sourceTree = "<group>"; };
		67F4108425AC758C001CD5A9 /* Assets.xcassets */ = {isa = PBXFileReference; lastKnownFileType = folder.assetcatalog; path = Assets.xcassets; sourceTree = "<group>"; };
		67F4108725AC758C001CD5A9 /* Base */ = {isa = PBXFileReference; lastKnownFileType = file.storyboard; name = Base; path = Base.lproj/LaunchScreen.storyboard; sourceTree = "<group>"; };
		67F4108925AC758C001CD5A9 /* Info.plist */ = {isa = PBXFileReference; lastKnownFileType = text.plist.xml; path = Info.plist; sourceTree = "<group>"; };
/* End PBXFileReference section */

/* Begin PBXFrameworksBuildPhase section */
		67F4107525AC7587001CD5A9 /* Frameworks */ = {
			isa = PBXFrameworksBuildPhase;
			buildActionMask = 2147483647;
			files = (
			);
			runOnlyForDeploymentPostprocessing = 0;
		};
/* End PBXFrameworksBuildPhase section */

/* Begin PBXGroup section */
		67C5FA6325B1CCF80014AFE3 /* Model */ = {
			isa = PBXGroup;
			children = (
			);
			path = Model;
			sourceTree = "<group>";
		};
		67EB0FE525AE211000190DF2 /* GroupsTab */ = {
			isa = PBXGroup;
			children = (
				67EB0FFD25AE281200190DF2 /* MyGroupsViewController.swift */,
				67C5FA6625B1D0670014AFE3 /* MyGroupsViewCell.swift */,
				67C5FA6E25B1D88A0014AFE3 /* FoundGroupsViewController.swift */,
				67C5FA6B25B1D8780014AFE3 /* FoundGroupsViewCell.swift */,
			);
			path = GroupsTab;
			sourceTree = "<group>";
		};
		67EB0FF025AE24F500190DF2 /* FriendsTab */ = {
			isa = PBXGroup;
			children = (
				67EB0FF725AE277200190DF2 /* FriendsListViewController.swift */,
				67EB100325AE2C6E00190DF2 /* FriendsListViewCell.swift */,
				67C5FA7225B1EEDF0014AFE3 /* FriendPhotosViewController.swift */,
				67C5FA7525B1EF130014AFE3 /* FriendPhotoViewCell.swift */,
			);
			path = FriendsTab;
			sourceTree = "<group>";
		};
		67F4106F25AC7587001CD5A9 = {
			isa = PBXGroup;
			children = (
				67F4107A25AC7587001CD5A9 /* social network client - test_app */,
				67F4107925AC7587001CD5A9 /* Products */,
			);
			sourceTree = "<group>";
		};
		67F4107925AC7587001CD5A9 /* Products */ = {
			isa = PBXGroup;
			children = (
				67F4107825AC7587001CD5A9 /* social network client - test_app.app */,
			);
			name = Products;
			sourceTree = "<group>";
		};
		67F4107A25AC7587001CD5A9 /* social network client - test_app */ = {
			isa = PBXGroup;
			children = (
				67C5FA6325B1CCF80014AFE3 /* Model */,
				67EB0FF025AE24F500190DF2 /* FriendsTab */,
				67EB0FE525AE211000190DF2 /* GroupsTab */,
				67F4107B25AC7587001CD5A9 /* AppDelegate.swift */,
				67F4107D25AC7587001CD5A9 /* SceneDelegate.swift */,
				67F4107F25AC7587001CD5A9 /* LoginViewController.swift */,
				67F4108125AC7587001CD5A9 /* Main.storyboard */,
				67F4108425AC758C001CD5A9 /* Assets.xcassets */,
				67F4108625AC758C001CD5A9 /* LaunchScreen.storyboard */,
				67F4108925AC758C001CD5A9 /* Info.plist */,
			);
			path = "social network client - test_app";
			sourceTree = "<group>";
		};
/* End PBXGroup section */

/* Begin PBXNativeTarget section */
		67F4107725AC7587001CD5A9 /* social network client - test_app */ = {
			isa = PBXNativeTarget;
			buildConfigurationList = 67F4108C25AC758C001CD5A9 /* Build configuration list for PBXNativeTarget "social network client - test_app" */;
			buildPhases = (
				67F4107425AC7587001CD5A9 /* Sources */,
				67F4107525AC7587001CD5A9 /* Frameworks */,
				67F4107625AC7587001CD5A9 /* Resources */,
			);
			buildRules = (
			);
			dependencies = (
			);
			name = "social network client - test_app";
			productName = "social network client - test_app";
			productReference = 67F4107825AC7587001CD5A9 /* social network client - test_app.app */;
			productType = "com.apple.product-type.application";
		};
/* End PBXNativeTarget section */

/* Begin PBXProject section */
		67F4107025AC7587001CD5A9 /* Project object */ = {
			isa = PBXProject;
			attributes = {
				LastSwiftUpdateCheck = 1230;
				LastUpgradeCheck = 1230;
				TargetAttributes = {
					67F4107725AC7587001CD5A9 = {
						CreatedOnToolsVersion = 12.3;
					};
				};
			};
			buildConfigurationList = 67F4107325AC7587001CD5A9 /* Build configuration list for PBXProject "social network client - test_app" */;
			compatibilityVersion = "Xcode 9.3";
			developmentRegion = en;
			hasScannedForEncodings = 0;
			knownRegions = (
				en,
				Base,
			);
			mainGroup = 67F4106F25AC7587001CD5A9;
			productRefGroup = 67F4107925AC7587001CD5A9 /* Products */;
			projectDirPath = "";
			projectRoot = "";
			targets = (
				67F4107725AC7587001CD5A9 /* social network client - test_app */,
			);
		};
/* End PBXProject section */

/* Begin PBXResourcesBuildPhase section */
		67F4107625AC7587001CD5A9 /* Resources */ = {
			isa = PBXResourcesBuildPhase;
			buildActionMask = 2147483647;
			files = (
				67F4108825AC758C001CD5A9 /* LaunchScreen.storyboard in Resources */,
				67F4108525AC758C001CD5A9 /* Assets.xcassets in Resources */,
				67F4108325AC7587001CD5A9 /* Main.storyboard in Resources */,
			);
			runOnlyForDeploymentPostprocessing = 0;
		};
/* End PBXResourcesBuildPhase section */

/* Begin PBXSourcesBuildPhase section */
		67F4107425AC7587001CD5A9 /* Sources */ = {
			isa = PBXSourcesBuildPhase;
			buildActionMask = 2147483647;
			files = (
				67C5FA6F25B1D88A0014AFE3 /* FoundGroupsViewController.swift in Sources */,
				67EB0FFE25AE281200190DF2 /* MyGroupsViewController.swift in Sources */,
				67C5FA7325B1EEDF0014AFE3 /* FriendPhotosViewController.swift in Sources */,
				67EB0FF825AE277200190DF2 /* FriendsListViewController.swift in Sources */,
				67C5FA6725B1D0670014AFE3 /* MyGroupsViewCell.swift in Sources */,
				67C5FA6C25B1D8780014AFE3 /* FoundGroupsViewCell.swift in Sources */,
				67C5FA7625B1EF130014AFE3 /* FriendPhotoViewCell.swift in Sources */,
				67EB100425AE2C6F00190DF2 /* FriendsListViewCell.swift in Sources */,
				67F4108025AC7587001CD5A9 /* LoginViewController.swift in Sources */,
				67F4107C25AC7587001CD5A9 /* AppDelegate.swift in Sources */,
				67F4107E25AC7587001CD5A9 /* SceneDelegate.swift in Sources */,
			);
			runOnlyForDeploymentPostprocessing = 0;
		};
/* End PBXSourcesBuildPhase section */

/* Begin PBXVariantGroup section */
		67F4108125AC7587001CD5A9 /* Main.storyboard */ = {
			isa = PBXVariantGroup;
			children = (
				67F4108225AC7587001CD5A9 /* Base */,
			);
			name = Main.storyboard;
			sourceTree = "<group>";
		};
		67F4108625AC758C001CD5A9 /* LaunchScreen.storyboard */ = {
			isa = PBXVariantGroup;
			children = (
				67F4108725AC758C001CD5A9 /* Base */,
			);
			name = LaunchScreen.storyboard;
			sourceTree = "<group>";
		};
/* End PBXVariantGroup section */

/* Begin XCBuildConfiguration section */
		67F4108A25AC758C001CD5A9 /* Debug */ = {
			isa = XCBuildConfiguration;
			buildSettings = {
				ALWAYS_SEARCH_USER_PATHS = NO;
				CLANG_ANALYZER_NONNULL = YES;
				CLANG_ANALYZER_NUMBER_OBJECT_CONVERSION = YES_AGGRESSIVE;
				CLANG_CXX_LANGUAGE_STANDARD = "gnu++14";
				CLANG_CXX_LIBRARY = "libc++";
				CLANG_ENABLE_MODULES = YES;
				CLANG_ENABLE_OBJC_ARC = YES;
				CLANG_ENABLE_OBJC_WEAK = YES;
				CLANG_WARN_BLOCK_CAPTURE_AUTORELEASING = YES;
				CLANG_WARN_BOOL_CONVERSION = YES;
				CLANG_WARN_COMMA = YES;
				CLANG_WARN_CONSTANT_CONVERSION = YES;
				CLANG_WARN_DEPRECATED_OBJC_IMPLEMENTATIONS = YES;
				CLANG_WARN_DIRECT_OBJC_ISA_USAGE = YES_ERROR;
				CLANG_WARN_DOCUMENTATION_COMMENTS = YES;
				CLANG_WARN_EMPTY_BODY = YES;
				CLANG_WARN_ENUM_CONVERSION = YES;
				CLANG_WARN_INFINITE_RECURSION = YES;
				CLANG_WARN_INT_CONVERSION = YES;
				CLANG_WARN_NON_LITERAL_NULL_CONVERSION = YES;
				CLANG_WARN_OBJC_IMPLICIT_RETAIN_SELF = YES;
				CLANG_WARN_OBJC_LITERAL_CONVERSION = YES;
				CLANG_WARN_OBJC_ROOT_CLASS = YES_ERROR;
				CLANG_WARN_QUOTED_INCLUDE_IN_FRAMEWORK_HEADER = YES;
				CLANG_WARN_RANGE_LOOP_ANALYSIS = YES;
				CLANG_WARN_STRICT_PROTOTYPES = YES;
				CLANG_WARN_SUSPICIOUS_MOVE = YES;
				CLANG_WARN_UNGUARDED_AVAILABILITY = YES_AGGRESSIVE;
				CLANG_WARN_UNREACHABLE_CODE = YES;
				CLANG_WARN__DUPLICATE_METHOD_MATCH = YES;
				COPY_PHASE_STRIP = NO;
				DEBUG_INFORMATION_FORMAT = dwarf;
				ENABLE_STRICT_OBJC_MSGSEND = YES;
				ENABLE_TESTABILITY = YES;
				GCC_C_LANGUAGE_STANDARD = gnu11;
				GCC_DYNAMIC_NO_PIC = NO;
				GCC_NO_COMMON_BLOCKS = YES;
				GCC_OPTIMIZATION_LEVEL = 0;
				GCC_PREPROCESSOR_DEFINITIONS = (
					"DEBUG=1",
					"$(inherited)",
				);
				GCC_WARN_64_TO_32_BIT_CONVERSION = YES;
				GCC_WARN_ABOUT_RETURN_TYPE = YES_ERROR;
				GCC_WARN_UNDECLARED_SELECTOR = YES;
				GCC_WARN_UNINITIALIZED_AUTOS = YES_AGGRESSIVE;
				GCC_WARN_UNUSED_FUNCTION = YES;
				GCC_WARN_UNUSED_VARIABLE = YES;
				IPHONEOS_DEPLOYMENT_TARGET = 14.3;
				MTL_ENABLE_DEBUG_INFO = INCLUDE_SOURCE;
				MTL_FAST_MATH = YES;
				ONLY_ACTIVE_ARCH = YES;
				SDKROOT = iphoneos;
				SWIFT_ACTIVE_COMPILATION_CONDITIONS = DEBUG;
				SWIFT_OPTIMIZATION_LEVEL = "-Onone";
			};
			name = Debug;
		};
		67F4108B25AC758C001CD5A9 /* Release */ = {
			isa = XCBuildConfiguration;
			buildSettings = {
				ALWAYS_SEARCH_USER_PATHS = NO;
				CLANG_ANALYZER_NONNULL = YES;
				CLANG_ANALYZER_NUMBER_OBJECT_CONVERSION = YES_AGGRESSIVE;
				CLANG_CXX_LANGUAGE_STANDARD = "gnu++14";
				CLANG_CXX_LIBRARY = "libc++";
				CLANG_ENABLE_MODULES = YES;
				CLANG_ENABLE_OBJC_ARC = YES;
				CLANG_ENABLE_OBJC_WEAK = YES;
				CLANG_WARN_BLOCK_CAPTURE_AUTORELEASING = YES;
				CLANG_WARN_BOOL_CONVERSION = YES;
				CLANG_WARN_COMMA = YES;
				CLANG_WARN_CONSTANT_CONVERSION = YES;
				CLANG_WARN_DEPRECATED_OBJC_IMPLEMENTATIONS = YES;
				CLANG_WARN_DIRECT_OBJC_ISA_USAGE = YES_ERROR;
				CLANG_WARN_DOCUMENTATION_COMMENTS = YES;
				CLANG_WARN_EMPTY_BODY = YES;
				CLANG_WARN_ENUM_CONVERSION = YES;
				CLANG_WARN_INFINITE_RECURSION = YES;
				CLANG_WARN_INT_CONVERSION = YES;
				CLANG_WARN_NON_LITERAL_NULL_CONVERSION = YES;
				CLANG_WARN_OBJC_IMPLICIT_RETAIN_SELF = YES;
				CLANG_WARN_OBJC_LITERAL_CONVERSION = YES;
				CLANG_WARN_OBJC_ROOT_CLASS = YES_ERROR;
				CLANG_WARN_QUOTED_INCLUDE_IN_FRAMEWORK_HEADER = YES;
				CLANG_WARN_RANGE_LOOP_ANALYSIS = YES;
				CLANG_WARN_STRICT_PROTOTYPES = YES;
				CLANG_WARN_SUSPICIOUS_MOVE = YES;
				CLANG_WARN_UNGUARDED_AVAILABILITY = YES_AGGRESSIVE;
				CLANG_WARN_UNREACHABLE_CODE = YES;
				CLANG_WARN__DUPLICATE_METHOD_MATCH = YES;
				COPY_PHASE_STRIP = NO;
				DEBUG_INFORMATION_FORMAT = "dwarf-with-dsym";
				ENABLE_NS_ASSERTIONS = NO;
				ENABLE_STRICT_OBJC_MSGSEND = YES;
				GCC_C_LANGUAGE_STANDARD = gnu11;
				GCC_NO_COMMON_BLOCKS = YES;
				GCC_WARN_64_TO_32_BIT_CONVERSION = YES;
				GCC_WARN_ABOUT_RETURN_TYPE = YES_ERROR;
				GCC_WARN_UNDECLARED_SELECTOR = YES;
				GCC_WARN_UNINITIALIZED_AUTOS = YES_AGGRESSIVE;
				GCC_WARN_UNUSED_FUNCTION = YES;
				GCC_WARN_UNUSED_VARIABLE = YES;
				IPHONEOS_DEPLOYMENT_TARGET = 14.3;
				MTL_ENABLE_DEBUG_INFO = NO;
				MTL_FAST_MATH = YES;
				SDKROOT = iphoneos;
				SWIFT_COMPILATION_MODE = wholemodule;
				SWIFT_OPTIMIZATION_LEVEL = "-O";
				VALIDATE_PRODUCT = YES;
			};
			name = Release;
		};
		67F4108D25AC758C001CD5A9 /* Debug */ = {
			isa = XCBuildConfiguration;
			buildSettings = {
				ASSETCATALOG_COMPILER_APPICON_NAME = AppIcon;
				ASSETCATALOG_COMPILER_GLOBAL_ACCENT_COLOR_NAME = AccentColor;
				CODE_SIGN_STYLE = Automatic;
				DEVELOPMENT_TEAM = CL8V74UCV5;
				INFOPLIST_FILE = "social network client - test_app/Info.plist";
				IPHONEOS_DEPLOYMENT_TARGET = 14.3;
				LD_RUNPATH_SEARCH_PATHS = (
					"$(inherited)",
					"@executable_path/Frameworks",
				);
				PRODUCT_BUNDLE_IDENTIFIER = "com.org.social-network-client---test-app";
				PRODUCT_NAME = "$(TARGET_NAME)";
				SWIFT_VERSION = 5.0;
				TARGETED_DEVICE_FAMILY = "1,2";
			};
			name = Debug;
		};
		67F4108E25AC758C001CD5A9 /* Release */ = {
			isa = XCBuildConfiguration;
			buildSettings = {
				ASSETCATALOG_COMPILER_APPICON_NAME = AppIcon;
				ASSETCATALOG_COMPILER_GLOBAL_ACCENT_COLOR_NAME = AccentColor;
				CODE_SIGN_STYLE = Automatic;
				DEVELOPMENT_TEAM = CL8V74UCV5;
				INFOPLIST_FILE = "social network client - test_app/Info.plist";
				IPHONEOS_DEPLOYMENT_TARGET = 14.3;
				LD_RUNPATH_SEARCH_PATHS = (
					"$(inherited)",
					"@executable_path/Frameworks",
				);
				PRODUCT_BUNDLE_IDENTIFIER = "com.org.social-network-client---test-app";
				PRODUCT_NAME = "$(TARGET_NAME)";
				SWIFT_VERSION = 5.0;
				TARGETED_DEVICE_FAMILY = "1,2";
			};
			name = Release;
		};
/* End XCBuildConfiguration section */

/* Begin XCConfigurationList section */
		67F4107325AC7587001CD5A9 /* Build configuration list for PBXProject "social network client - test_app" */ = {
			isa = XCConfigurationList;
			buildConfigurations = (
				67F4108A25AC758C001CD5A9 /* Debug */,
				67F4108B25AC758C001CD5A9 /* Release */,
			);
			defaultConfigurationIsVisible = 0;
			defaultConfigurationName = Release;
		};
		67F4108C25AC758C001CD5A9 /* Build configuration list for PBXNativeTarget "social network client - test_app" */ = {
			isa = XCConfigurationList;
			buildConfigurations = (
				67F4108D25AC758C001CD5A9 /* Debug */,
				67F4108E25AC758C001CD5A9 /* Release */,
			);
			defaultConfigurationIsVisible = 0;
			defaultConfigurationName = Release;
		};
/* End XCConfigurationList section */
	};
	rootObject = 67F4107025AC7587001CD5A9 /* Project object */;
}
